{
  "name": "smart_contracts",
  "version": "1.0.1",
  "lockfileVersion": 1,
  "requires": true,
  "dependencies": {
    "zeppelin-solidity": {
      "version": "1.11.0",
      "resolved": "https://registry.npmjs.org/zeppelin-solidity/-/zeppelin-solidity-1.11.0.tgz",
      "integrity": "sha512-fn5P4wtFqbW5W4zrqDuGOgCIo7kCMYWSto58NCv2SJLlJbR80l0inHVGUOtZ9ECO7fJy/3Myr27tAczfrR7gVg=="
    }
  }
}
